{
  "name": "mol",
  "version": "1.1.0",
  "lockfileVersion": 1,
  "requires": true,
  "dependencies": {
    "m.core": {
      "version": "git+https://github.com/flkt-crnpio/m.core.git#2ccec904fc14812cd132154eaf19cabe94769fef",
      "from": "git+https://github.com/flkt-crnpio/m.core.git#v2.0.3"
    },
    "m.grid": {
      "version": "git+https://github.com/flkt-crnpio/m.grid.git#1341fdf20e5e2f22c54b7a11253cd626fba0996d",
      "from": "git+https://github.com/flkt-crnpio/m.grid.git#v1.2.0"
    },
    "m.normalize": {
      "version": "git+https://github.com/flkt-crnpio/m.normalize.git#c484e727c2c1c2479e8d00dbeb3ea25e948fcbbe",
      "from": "git+https://github.com/flkt-crnpio/m.normalize.git#v1.1.6"
    }
  }
}
