{
  "name": "mol",
  "version": "1.0.0",
  "lockfileVersion": 1,
  "requires": true,
  "dependencies": {
    "m.grid": {
      "version": "git+https://github.com/flkt-crnpio/m.grid.git#235ecf7a8f42446f499727addc30f6418d88b8bb",
      "from": "git+https://github.com/flkt-crnpio/m.grid.git"
    },
    "m.mol": {
      "version": "git+https://github.com/flkt-crnpio/m.mol.git#a9fd9e4e7e538146288e5607c8ceb42504894ac6",
      "from": "git+https://github.com/flkt-crnpio/m.mol.git"
    },
    "m.normalize": {
      "version": "git+https://github.com/flkt-crnpio/m.normalize.git#ca200cafdc7bd39f8d8259bba7c381d888803397",
      "from": "git+https://github.com/flkt-crnpio/m.normalize.git"
    }
  }
}
